
Microsoft Visual Studio Solution File, Format Version 11.00
# Visual Studio 2010
Project("{8BC9CEB8-8B4A-11D0-8D11-00A0C91BC942}") = "CW2FMIDriver", "CW2FMIDriver\CW2FMIDriver.vcxproj", "{78909F58-0838-4228-B77E-4CE0A7426804}"
EndProject
Project("{8BC9CEB8-8B4A-11D0-8D11-00A0C91BC942}") = "CW2FMITest2", "CW2FMITest2\CW2FMITest2.vcxproj", "{07569F08-C77E-4352-9580-F8374ADFE58E}"
EndProject
Project("{8BC9CEB8-8B4A-11D0-8D11-00A0C91BC942}") = "CW2FMIGenerator", "CW2FMIGenerator2\CW2FMIGenerator2.vcxproj", "{5BCE87DB-DBCE-4FC8-ADFE-A8C7753480A7}"
	ProjectSection(ProjectDependencies) = postProject
		{78909F58-0838-4228-B77E-4CE0A7426804} = {78909F58-0838-4228-B77E-4CE0A7426804}
	EndProjectSection
EndProject
Global
	GlobalSection(SolutionConfigurationPlatforms) = preSolution
		Debug|Win32 = Debug|Win32
		Release|Win32 = Release|Win32
	EndGlobalSection
	GlobalSection(ProjectConfigurationPlatforms) = postSolution
		{78909F58-0838-4228-B77E-4CE0A7426804}.Debug|Win32.ActiveCfg = Debug|Win32
		{78909F58-0838-4228-B77E-4CE0A7426804}.Debug|Win32.Build.0 = Debug|Win32
		{78909F58-0838-4228-B77E-4CE0A7426804}.Release|Win32.ActiveCfg = Release|Win32
		{78909F58-0838-4228-B77E-4CE0A7426804}.Release|Win32.Build.0 = Release|Win32
		{07569F08-C77E-4352-9580-F8374ADFE58E}.Debug|Win32.ActiveCfg = Debug|Win32
		{07569F08-C77E-4352-9580-F8374ADFE58E}.Debug|Win32.Build.0 = Debug|Win32
		{07569F08-C77E-4352-9580-F8374ADFE58E}.Release|Win32.ActiveCfg = Release|Win32
		{07569F08-C77E-4352-9580-F8374ADFE58E}.Release|Win32.Build.0 = Release|Win32
		{5BCE87DB-DBCE-4FC8-ADFE-A8C7753480A7}.Debug|Win32.ActiveCfg = Debug|Win32
		{5BCE87DB-DBCE-4FC8-ADFE-A8C7753480A7}.Debug|Win32.Build.0 = Debug|Win32
		{5BCE87DB-DBCE-4FC8-ADFE-A8C7753480A7}.Release|Win32.ActiveCfg = Release|Win32
		{5BCE87DB-DBCE-4FC8-ADFE-A8C7753480A7}.Release|Win32.Build.0 = Release|Win32
	EndGlobalSection
	GlobalSection(SolutionProperties) = preSolution
		HideSolutionNode = FALSE
	EndGlobalSection
EndGlobal
